<?xml version="1.0" encoding="utf-8"?>
<Project ToolsVersion="4.0" xmlns="http://schemas.microsoft.com/developer/msbuild/2003">
  <ItemGroup>
    <Filter Include="client">
      <UniqueIdentifier>{467a5330-00d7-45c8-a051-416272352ada}</UniqueIdentifier>
    </Filter>
    <Filter Include="game">
      <UniqueIdentifier>{6c622cda-3fbf-4128-8c7a-05c104ba0485}</UniqueIdentifier>
    </Filter>
    <Filter Include="qcommon">
      <UniqueIdentifier>{4a320fc3-57d8-4161-9966-1f93a86931bb}</UniqueIdentifier>
    </Filter>
    <Filter Include="ref_gl">
      <UniqueIdentifier>{9a43b2d0-a8b7-433d-949d-84c5f0afb964}</UniqueIdentifier>
    </Filter>
    <Filter Include="sdl">
      <UniqueIdentifier>{e3eb3252-417b-43c5-a064-1299da25764a}</UniqueIdentifier>
    </Filter>
    <Filter Include="server">
      <UniqueIdentifier>{04968cc0-1ea4-493a-b8ec-41de1c14bddf}</UniqueIdentifier>
    </Filter>
    <Filter Include="null">
      <UniqueIdentifier>{7584df54-373e-4a55-a8b6-881113e66b7a}</UniqueIdentifier>
    </Filter>
    <Filter Include="win32">
      <UniqueIdentifier>{e4f266be-c60e-43bc-a7d2-7690349cf73b}</UniqueIdentifier>
    </Filter>
  </ItemGroup>
  <ItemGroup>
    <ClInclude Include="client\adivtab.h">
      <Filter>client</Filter>
    </ClInclude>
    <ClInclude Include="client\anorms.h">
      <Filter>client</Filter>
    </ClInclude>
    <ClInclude Include="client\block16.h">
      <Filter>client</Filter>
    </ClInclude>
    <ClInclude Include="client\block8.h">
      <Filter>client</Filter>
    </ClInclude>
    <ClInclude Include="client\cdaudio.h">
      <Filter>client</Filter>
    </ClInclude>
    <ClInclude Include="client\client.h">
      <Filter>client</Filter>
    </ClInclude>
    <ClInclude Include="client\console.h">
      <Filter>client</Filter>
    </ClInclude>
    <ClInclude Include="client\input.h">
      <Filter>client</Filter>
    </ClInclude>
    <ClInclude Include="client\keys.h">
      <Filter>client</Filter>
    </ClInclude>
    <ClInclude Include="client\qmenu.h">
      <Filter>client</Filter>
    </ClInclude>
    <ClInclude Include="client\ref.h">
      <Filter>client</Filter>
    </ClInclude>
    <ClInclude Include="client\screen.h">
      <Filter>client</Filter>
    </ClInclude>
    <ClInclude Include="client\snd_loc.h">
      <Filter>client</Filter>
    </ClInclude>
    <ClInclude Include="client\sound.h">
      <Filter>client</Filter>
    </ClInclude>
    <ClInclude Include="client\vid.h">
      <Filter>client</Filter>
    </ClInclude>
    <ClInclude Include="game\g_local.h">
      <Filter>game</Filter>
    </ClInclude>
    <ClInclude Include="game\game.h">
      <Filter>game</Filter>
    </ClInclude>
    <ClInclude Include="game\m_actor.h">
      <Filter>game</Filter>
    </ClInclude>
    <ClInclude Include="game\m_berserk.h">
      <Filter>game</Filter>
    </ClInclude>
    <ClInclude Include="game\m_boss2.h">
      <Filter>game</Filter>
    </ClInclude>
    <ClInclude Include="game\m_boss31.h">
      <Filter>game</Filter>
    </ClInclude>
    <ClInclude Include="game\m_boss32.h">
      <Filter>game</Filter>
    </ClInclude>
    <ClInclude Include="game\m_brain.h">
      <Filter>game</Filter>
    </ClInclude>
    <ClInclude Include="game\m_chick.h">
      <Filter>game</Filter>
    </ClInclude>
    <ClInclude Include="game\m_flipper.h">
      <Filter>game</Filter>
    </ClInclude>
    <ClInclude Include="game\m_float.h">
      <Filter>game</Filter>
    </ClInclude>
    <ClInclude Include="game\m_flyer.h">
      <Filter>game</Filter>
    </ClInclude>
    <ClInclude Include="game\m_gladiator.h">
      <Filter>game</Filter>
    </ClInclude>
    <ClInclude Include="game\m_gunner.h">
      <Filter>game</Filter>
    </ClInclude>
    <ClInclude Include="game\m_hover.h">
      <Filter>game</Filter>
    </ClInclude>
    <ClInclude Include="game\m_infantry.h">
      <Filter>game</Filter>
    </ClInclude>
    <ClInclude Include="game\m_insane.h">
      <Filter>game</Filter>
    </ClInclude>
    <ClInclude Include="game\m_medic.h">
      <Filter>game</Filter>
    </ClInclude>
    <ClInclude Include="game\m_mutant.h">
      <Filter>game</Filter>
    </ClInclude>
    <ClInclude Include="game\m_parasite.h">
      <Filter>game</Filter>
    </ClInclude>
    <ClInclude Include="game\m_player.h">
      <Filter>game</Filter>
    </ClInclude>
    <ClInclude Include="game\m_rider.h">
      <Filter>game</Filter>
    </ClInclude>
    <ClInclude Include="game\m_soldier.h">
      <Filter>game</Filter>
    </ClInclude>
    <ClInclude Include="game\m_supertank.h">
      <Filter>game</Filter>
    </ClInclude>
    <ClInclude Include="game\m_tank.h">
      <Filter>game</Filter>
    </ClInclude>
    <ClInclude Include="game\q_shared.h">
      <Filter>game</Filter>
    </ClInclude>
    <ClInclude Include="qcommon\crc.h">
      <Filter>qcommon</Filter>
    </ClInclude>
    <ClInclude Include="qcommon\qcommon.h">
      <Filter>qcommon</Filter>
    </ClInclude>
    <ClInclude Include="qcommon\qfiles.h">
      <Filter>qcommon</Filter>
    </ClInclude>
    <ClInclude Include="ref_gl\anorms.h">
      <Filter>ref_gl</Filter>
    </ClInclude>
    <ClInclude Include="ref_gl\anormtab.h">
      <Filter>ref_gl</Filter>
    </ClInclude>
    <ClInclude Include="ref_gl\gl_local.h">
      <Filter>ref_gl</Filter>
    </ClInclude>
    <ClInclude Include="ref_gl\gl_model.h">
      <Filter>ref_gl</Filter>
    </ClInclude>
    <ClInclude Include="ref_gl\qgl.h">
      <Filter>ref_gl</Filter>
    </ClInclude>
    <ClInclude Include="ref_gl\warpsin.h">
      <Filter>ref_gl</Filter>
    </ClInclude>
    <ClInclude Include="server\server.h">
      <Filter>server</Filter>
    </ClInclude>
  </ItemGroup>
  <ItemGroup>
    <ClCompile Include="client\cl_cin.c">
      <Filter>client</Filter>
    </ClCompile>
    <ClCompile Include="client\cl_ents.c">
      <Filter>client</Filter>
    </ClCompile>
    <ClCompile Include="client\cl_fx.c">
      <Filter>client</Filter>
    </ClCompile>
    <ClCompile Include="client\cl_input.c">
      <Filter>client</Filter>
    </ClCompile>
    <ClCompile Include="client\cl_inv.c">
      <Filter>client</Filter>
    </ClCompile>
    <ClCompile Include="client\cl_main.c">
      <Filter>client</Filter>
    </ClCompile>
    <ClCompile Include="client\cl_newfx.c">
      <Filter>client</Filter>
    </ClCompile>
    <ClCompile Include="client\cl_parse.c">
      <Filter>client</Filter>
    </ClCompile>
    <ClCompile Include="client\cl_pred.c">
      <Filter>client</Filter>
    </ClCompile>
    <ClCompile Include="client\cl_scrn.c">
      <Filter>client</Filter>
    </ClCompile>
    <ClCompile Include="client\cl_tent.c">
      <Filter>client</Filter>
    </ClCompile>
    <ClCompile Include="client\cl_view.c">
      <Filter>client</Filter>
    </ClCompile>
    <ClCompile Include="client\console.c">
      <Filter>client</Filter>
    </ClCompile>
    <ClCompile Include="client\keys.c">
      <Filter>client</Filter>
    </ClCompile>
    <ClCompile Include="client\menu.c">
      <Filter>client</Filter>
    </ClCompile>
    <ClCompile Include="client\qmenu.c">
      <Filter>client</Filter>
    </ClCompile>
    <ClCompile Include="client\snd_dma.c">
      <Filter>client</Filter>
    </ClCompile>
    <ClCompile Include="client\snd_mem.c">
      <Filter>client</Filter>
    </ClCompile>
    <ClCompile Include="client\snd_mix.c">
      <Filter>client</Filter>
    </ClCompile>
    <ClCompile Include="game\g_ai.c">
      <Filter>game</Filter>
    </ClCompile>
    <ClCompile Include="game\g_chase.c">
      <Filter>game</Filter>
    </ClCompile>
    <ClCompile Include="game\g_cmds.c">
      <Filter>game</Filter>
    </ClCompile>
    <ClCompile Include="game\g_combat.c">
      <Filter>game</Filter>
    </ClCompile>
    <ClCompile Include="game\g_func.c">
      <Filter>game</Filter>
    </ClCompile>
    <ClCompile Include="game\g_items.c">
      <Filter>game</Filter>
    </ClCompile>
    <ClCompile Include="game\g_main.c">
      <Filter>game</Filter>
    </ClCompile>
    <ClCompile Include="game\g_misc.c">
      <Filter>game</Filter>
    </ClCompile>
    <ClCompile Include="game\g_monster.c">
      <Filter>game</Filter>
    </ClCompile>
    <ClCompile Include="game\g_phys.c">
      <Filter>game</Filter>
    </ClCompile>
    <ClCompile Include="game\g_save.c">
      <Filter>game</Filter>
    </ClCompile>
    <ClCompile Include="game\g_spawn.c">
      <Filter>game</Filter>
    </ClCompile>
    <ClCompile Include="game\g_svcmds.c">
      <Filter>game</Filter>
    </ClCompile>
    <ClCompile Include="game\g_target.c">
      <Filter>game</Filter>
    </ClCompile>
    <ClCompile Include="game\g_trigger.c">
      <Filter>game</Filter>
    </ClCompile>
    <ClCompile Include="game\g_turret.c">
      <Filter>game</Filter>
    </ClCompile>
    <ClCompile Include="game\g_utils.c">
      <Filter>game</Filter>
    </ClCompile>
    <ClCompile Include="game\g_weapon.c">
      <Filter>game</Filter>
    </ClCompile>
    <ClCompile Include="game\m_actor.c">
      <Filter>game</Filter>
    </ClCompile>
    <ClCompile Include="game\m_berserk.c">
      <Filter>game</Filter>
    </ClCompile>
    <ClCompile Include="game\m_boss2.c">
      <Filter>game</Filter>
    </ClCompile>
    <ClCompile Include="game\m_boss3.c">
      <Filter>game</Filter>
    </ClCompile>
    <ClCompile Include="game\m_boss31.c">
      <Filter>game</Filter>
    </ClCompile>
    <ClCompile Include="game\m_boss32.c">
      <Filter>game</Filter>
    </ClCompile>
    <ClCompile Include="game\m_brain.c">
      <Filter>game</Filter>
    </ClCompile>
    <ClCompile Include="game\m_chick.c">
      <Filter>game</Filter>
    </ClCompile>
    <ClCompile Include="game\m_flash.c">
      <Filter>game</Filter>
    </ClCompile>
    <ClCompile Include="game\m_flipper.c">
      <Filter>game</Filter>
    </ClCompile>
    <ClCompile Include="game\m_float.c">
      <Filter>game</Filter>
    </ClCompile>
    <ClCompile Include="game\m_flyer.c">
      <Filter>game</Filter>
    </ClCompile>
    <ClCompile Include="game\m_gladiator.c">
      <Filter>game</Filter>
    </ClCompile>
    <ClCompile Include="game\m_gunner.c">
      <Filter>game</Filter>
    </ClCompile>
    <ClCompile Include="game\m_hover.c">
      <Filter>game</Filter>
    </ClCompile>
    <ClCompile Include="game\m_infantry.c">
      <Filter>game</Filter>
    </ClCompile>
    <ClCompile Include="game\m_insane.c">
      <Filter>game</Filter>
    </ClCompile>
    <ClCompile Include="game\m_medic.c">
      <Filter>game</Filter>
    </ClCompile>
    <ClCompile Include="game\m_move.c">
      <Filter>game</Filter>
    </ClCompile>
    <ClCompile Include="game\m_mutant.c">
      <Filter>game</Filter>
    </ClCompile>
    <ClCompile Include="game\m_parasite.c">
      <Filter>game</Filter>
    </ClCompile>
    <ClCompile Include="game\m_soldier.c">
      <Filter>game</Filter>
    </ClCompile>
    <ClCompile Include="game\m_supertank.c">
      <Filter>game</Filter>
    </ClCompile>
    <ClCompile Include="game\m_tank.c">
      <Filter>game</Filter>
    </ClCompile>
    <ClCompile Include="game\p_client.c">
      <Filter>game</Filter>
    </ClCompile>
    <ClCompile Include="game\p_hud.c">
      <Filter>game</Filter>
    </ClCompile>
    <ClCompile Include="game\p_trail.c">
      <Filter>game</Filter>
    </ClCompile>
    <ClCompile Include="game\p_view.c">
      <Filter>game</Filter>
    </ClCompile>
    <ClCompile Include="game\p_weapon.c">
      <Filter>game</Filter>
    </ClCompile>
    <ClCompile Include="game\q_shared.c">
      <Filter>game</Filter>
    </ClCompile>
    <ClCompile Include="qcommon\cmd.c">
      <Filter>qcommon</Filter>
    </ClCompile>
    <ClCompile Include="qcommon\cmodel.c">
      <Filter>qcommon</Filter>
    </ClCompile>
    <ClCompile Include="qcommon\common.c">
      <Filter>qcommon</Filter>
    </ClCompile>
    <ClCompile Include="qcommon\crc.c">
      <Filter>qcommon</Filter>
    </ClCompile>
    <ClCompile Include="qcommon\cvar.c">
      <Filter>qcommon</Filter>
    </ClCompile>
    <ClCompile Include="qcommon\files.c">
      <Filter>qcommon</Filter>
    </ClCompile>
    <ClCompile Include="qcommon\md4.c">
      <Filter>qcommon</Filter>
    </ClCompile>
    <ClCompile Include="qcommon\mem.c">
      <Filter>qcommon</Filter>
    </ClCompile>
    <ClCompile Include="qcommon\net_chan.c">
      <Filter>qcommon</Filter>
    </ClCompile>
    <ClCompile Include="qcommon\pmove.c">
      <Filter>qcommon</Filter>
    </ClCompile>
    <ClCompile Include="qcommon\profiler.c">
      <Filter>qcommon</Filter>
    </ClCompile>
    <ClCompile Include="ref_gl\gl_draw.c">
      <Filter>ref_gl</Filter>
    </ClCompile>
    <ClCompile Include="ref_gl\gl_image.c">
      <Filter>ref_gl</Filter>
    </ClCompile>
    <ClCompile Include="ref_gl\gl_light.c">
      <Filter>ref_gl</Filter>
    </ClCompile>
    <ClCompile Include="ref_gl\gl_mesh.c">
      <Filter>ref_gl</Filter>
    </ClCompile>
    <ClCompile Include="ref_gl\gl_model.c">
      <Filter>ref_gl</Filter>
    </ClCompile>
    <ClCompile Include="ref_gl\gl_rmain.c">
      <Filter>ref_gl</Filter>
    </ClCompile>
    <ClCompile Include="ref_gl\gl_rmisc.c">
      <Filter>ref_gl</Filter>
    </ClCompile>
    <ClCompile Include="ref_gl\gl_rsurf.c">
      <Filter>ref_gl</Filter>
    </ClCompile>
    <ClCompile Include="ref_gl\gl_warp.c">
      <Filter>ref_gl</Filter>
    </ClCompile>
    <ClCompile Include="sdl\glimp_sdl.c">
      <Filter>sdl</Filter>
    </ClCompile>
    <ClCompile Include="sdl\in_sdl.c">
      <Filter>sdl</Filter>
    </ClCompile>
    <ClCompile Include="sdl\qgl_sdl.c">
      <Filter>sdl</Filter>
    </ClCompile>
    <ClCompile Include="sdl\SDL_win32_main.c">
      <Filter>sdl</Filter>
    </ClCompile>
    <ClCompile Include="sdl\snddma_sdl.c">
      <Filter>sdl</Filter>
    </ClCompile>
    <ClCompile Include="sdl\sys_sdl.c">
      <Filter>sdl</Filter>
    </ClCompile>
    <ClCompile Include="sdl\vid_menu_sdl.c">
      <Filter>sdl</Filter>
    </ClCompile>
    <ClCompile Include="sdl\vid_sdl.c">
      <Filter>sdl</Filter>
    </ClCompile>
    <ClCompile Include="server\sv_ccmds.c">
      <Filter>server</Filter>
    </ClCompile>
    <ClCompile Include="server\sv_ents.c">
      <Filter>server</Filter>
    </ClCompile>
    <ClCompile Include="server\sv_game.c">
      <Filter>server</Filter>
    </ClCompile>
    <ClCompile Include="server\sv_init.c">
      <Filter>server</Filter>
    </ClCompile>
    <ClCompile Include="server\sv_main.c">
      <Filter>server</Filter>
    </ClCompile>
    <ClCompile Include="server\sv_send.c">
      <Filter>server</Filter>
    </ClCompile>
    <ClCompile Include="server\sv_user.c">
      <Filter>server</Filter>
    </ClCompile>
    <ClCompile Include="server\sv_world.c">
      <Filter>server</Filter>
    </ClCompile>
    <ClCompile Include="null\cd_null.c">
      <Filter>null</Filter>
    </ClCompile>
    <ClCompile Include="win32\net_wins.c">
      <Filter>win32</Filter>
    </ClCompile>
  </ItemGroup>
</Project>